
Microsoft Visual Studio Solution File, Format Version 12.00
# Visual Studio Version 16
VisualStudioVersion = 16.0.32802.440
MinimumVisualStudioVersion = 10.0.40219.1
Project("{9A19103F-16F7-4668-BE54-9A1E7A4F7556}") = "ICI.ProvaCandidato.Web", "ICI.ProvaCandidato.Web\ICI.ProvaCandidato.Web.csproj", "{B3ADC44F-A1AE-4BD9-AA44-AA8C56623B34}"
EndProject
Project("{FAE04EC0-301F-11D3-BF4B-00C04F79EFBC}") = "ICI.ProvaCandidato.Dados", "ICI.ProvaCandidato.Dados\ICI.ProvaCandidato.Dados.csproj", "{194235F3-EB23-41BF-95D8-0A88169F0B70}"
EndProject
Project("{FAE04EC0-301F-11D3-BF4B-00C04F79EFBC}") = "ICI.ProvaCandidato.Negocio", "ICI.ProvaCandidato.Negocio\ICI.ProvaCandidato.Negocio.csproj", "{38A6982B-E8A5-480E-A5D0-5C35132DBF8E}"
EndProject
Global
	GlobalSection(SolutionConfigurationPlatforms) = preSolution
		Debug|Any CPU = Debug|Any CPU
		Release|Any CPU = Release|Any CPU
	EndGlobalSection
	GlobalSection(ProjectConfigurationPlatforms) = postSolution
		{B3ADC44F-A1AE-4BD9-AA44-AA8C56623B34}.Debug|Any CPU.ActiveCfg = Debug|Any CPU
		{B3ADC44F-A1AE-4BD9-AA44-AA8C56623B34}.Debug|Any CPU.Build.0 = Debug|Any CPU
		{B3ADC44F-A1AE-4BD9-AA44-AA8C56623B34}.Release|Any CPU.ActiveCfg = Release|Any CPU
		{B3ADC44F-A1AE-4BD9-AA44-AA8C56623B34}.Release|Any CPU.Build.0 = Release|Any CPU
		{194235F3-EB23-41BF-95D8-0A88169F0B70}.Debug|Any CPU.ActiveCfg = Debug|Any CPU
		{194235F3-EB23-41BF-95D8-0A88169F0B70}.Debug|Any CPU.Build.0 = Debug|Any CPU
		{194235F3-EB23-41BF-95D8-0A88169F0B70}.Release|Any CPU.ActiveCfg = Release|Any CPU
		{194235F3-EB23-41BF-95D8-0A88169F0B70}.Release|Any CPU.Build.0 = Release|Any CPU
		{38A6982B-E8A5-480E-A5D0-5C35132DBF8E}.Debug|Any CPU.ActiveCfg = Debug|Any CPU
		{38A6982B-E8A5-480E-A5D0-5C35132DBF8E}.Debug|Any CPU.Build.0 = Debug|Any CPU
		{38A6982B-E8A5-480E-A5D0-5C35132DBF8E}.Release|Any CPU.ActiveCfg = Release|Any CPU
		{38A6982B-E8A5-480E-A5D0-5C35132DBF8E}.Release|Any CPU.Build.0 = Release|Any CPU
	EndGlobalSection
	GlobalSection(SolutionProperties) = preSolution
		HideSolutionNode = FALSE
	EndGlobalSection
	GlobalSection(ExtensibilityGlobals) = postSolution
		SolutionGuid = {885C401E-07EA-4F1A-9E33-1086F4FF9154}
	EndGlobalSection
EndGlobal
